
Microsoft Visual Studio Solution File, Format Version 12.00
# Visual Studio Version 17
VisualStudioVersion = 17.5.2.0
MinimumVisualStudioVersion = 10.0.40219.1
Project("{FAE04EC0-301F-11D3-BF4B-00C04F79EFBC}") = "backend", "backend\backend.csproj", "{5ADA2BB6-BD8A-FBBA-631C-E748BB1D8E69}"
EndProject
Project("{FAE04EC0-301F-11D3-BF4B-00C04F79EFBC}") = "backend.Tests", "backend.Tests\backend.Tests.csproj", "{463120FF-4D0E-4D2C-8DDD-2077EA63D694}"
EndProject
Global
	GlobalSection(SolutionConfigurationPlatforms) = preSolution
		Debug|Any CPU = Debug|Any CPU
		Debug|x64 = Debug|x64
		Debug|x86 = Debug|x86
		Release|Any CPU = Release|Any CPU
		Release|x64 = Release|x64
		Release|x86 = Release|x86
	EndGlobalSection
	GlobalSection(ProjectConfigurationPlatforms) = postSolution
		{5ADA2BB6-BD8A-FBBA-631C-E748BB1D8E69}.Debug|Any CPU.ActiveCfg = Debug|Any CPU
		{5ADA2BB6-BD8A-FBBA-631C-E748BB1D8E69}.Debug|Any CPU.Build.0 = Debug|Any CPU
		{5ADA2BB6-BD8A-FBBA-631C-E748BB1D8E69}.Debug|x64.ActiveCfg = Debug|Any CPU
		{5ADA2BB6-BD8A-FBBA-631C-E748BB1D8E69}.Debug|x64.Build.0 = Debug|Any CPU
		{5ADA2BB6-BD8A-FBBA-631C-E748BB1D8E69}.Debug|x86.ActiveCfg = Debug|Any CPU
		{5ADA2BB6-BD8A-FBBA-631C-E748BB1D8E69}.Debug|x86.Build.0 = Debug|Any CPU
		{5ADA2BB6-BD8A-FBBA-631C-E748BB1D8E69}.Release|Any CPU.ActiveCfg = Release|Any CPU
		{5ADA2BB6-BD8A-FBBA-631C-E748BB1D8E69}.Release|Any CPU.Build.0 = Release|Any CPU
		{5ADA2BB6-BD8A-FBBA-631C-E748BB1D8E69}.Release|x64.ActiveCfg = Release|Any CPU
		{5ADA2BB6-BD8A-FBBA-631C-E748BB1D8E69}.Release|x64.Build.0 = Release|Any CPU
		{5ADA2BB6-BD8A-FBBA-631C-E748BB1D8E69}.Release|x86.ActiveCfg = Release|Any CPU
		{5ADA2BB6-BD8A-FBBA-631C-E748BB1D8E69}.Release|x86.Build.0 = Release|Any CPU
		{463120FF-4D0E-4D2C-8DDD-2077EA63D694}.Debug|Any CPU.ActiveCfg = Debug|Any CPU
		{463120FF-4D0E-4D2C-8DDD-2077EA63D694}.Debug|Any CPU.Build.0 = Debug|Any CPU
		{463120FF-4D0E-4D2C-8DDD-2077EA63D694}.Debug|x64.ActiveCfg = Debug|Any CPU
		{463120FF-4D0E-4D2C-8DDD-2077EA63D694}.Debug|x64.Build.0 = Debug|Any CPU
		{463120FF-4D0E-4D2C-8DDD-2077EA63D694}.Debug|x86.ActiveCfg = Debug|Any CPU
		{463120FF-4D0E-4D2C-8DDD-2077EA63D694}.Debug|x86.Build.0 = Debug|Any CPU
		{463120FF-4D0E-4D2C-8DDD-2077EA63D694}.Release|Any CPU.ActiveCfg = Release|Any CPU
		{463120FF-4D0E-4D2C-8DDD-2077EA63D694}.Release|Any CPU.Build.0 = Release|Any CPU
		{463120FF-4D0E-4D2C-8DDD-2077EA63D694}.Release|x64.ActiveCfg = Release|Any CPU
		{463120FF-4D0E-4D2C-8DDD-2077EA63D694}.Release|x64.Build.0 = Release|Any CPU
		{463120FF-4D0E-4D2C-8DDD-2077EA63D694}.Release|x86.ActiveCfg = Release|Any CPU
		{463120FF-4D0E-4D2C-8DDD-2077EA63D694}.Release|x86.Build.0 = Release|Any CPU
	EndGlobalSection
	GlobalSection(SolutionProperties) = preSolution
		HideSolutionNode = FALSE
	EndGlobalSection
	GlobalSection(ExtensibilityGlobals) = postSolution
		SolutionGuid = {039A34C4-6A5B-4CC2-97EE-56AE9089BFE9}
	EndGlobalSection
EndGlobal
